
Microsoft Visual Studio Solution File, Format Version 12.00
# Visual Studio Version 16
VisualStudioVersion = 16.0.31424.327
MinimumVisualStudioVersion = 10.0.40219.1
Project("{2150E333-8FDC-42A3-9474-1A3956D46DE8}") = "Tests", "Tests", "{111FD0FA-6F9B-4F73-ABE2-E63D3AFAFE17}"
EndProject
Project("{2150E333-8FDC-42A3-9474-1A3956D46DE8}") = "_stylecop", "_stylecop", "{A4C60326-04C1-4A03-B429-B3541EC65C28}"
	ProjectSection(SolutionItems) = preProject
		_stylecop\stylecop.json = _stylecop\stylecop.json
		_stylecop\stylecop.ruleset = _stylecop\stylecop.ruleset
		_stylecop\stylecopTests.ruleset = _stylecop\stylecopTests.ruleset
		_stylecop\stylecopTestsCore.ruleset = _stylecop\stylecopTestsCore.ruleset
	EndProjectSection
EndProject
Project("{2150E333-8FDC-42A3-9474-1A3956D46DE8}") = "_other", "_other", "{ECE7C76C-76CA-4C7C-961A-47D2316A4FE9}"
	ProjectSection(SolutionItems) = preProject
		maxx.web.api.runsettings = maxx.web.api.runsettings
	EndProjectSection
EndProject
Project("{2150E333-8FDC-42A3-9474-1A3956D46DE8}") = "Solution Items", "Solution Items", "{7CFABCAB-67A2-4E2D-9B41-0BD31548A817}"
	ProjectSection(SolutionItems) = preProject
		global.json = global.json
	EndProjectSection
EndProject
Project("{9A19103F-16F7-4668-BE54-9A1E7A4F7556}") = "maxx.common", "maxx.common\maxx.common.csproj", "{1F789C36-4005-4298-A25F-D5E7A04D7220}"
EndProject
Project("{9A19103F-16F7-4668-BE54-9A1E7A4F7556}") = "maxx.testcommon", "Tests\maxx.testcommon\maxx.testcommon.csproj", "{7E62662C-2A82-4B79-9C27-69C93AD84FC7}"
EndProject
Project("{9A19103F-16F7-4668-BE54-9A1E7A4F7556}") = "maxx.common.tests", "Tests\maxx.common.tests\maxx.common.tests.csproj", "{E70FC175-C353-465B-A1FF-791720D2B4A1}"
EndProject
Global
	GlobalSection(SolutionConfigurationPlatforms) = preSolution
		Debug|Any CPU = Debug|Any CPU
		Debug|ARM = Debug|ARM
		Debug|x64 = Debug|x64
		Debug|x86 = Debug|x86
		Release|Any CPU = Release|Any CPU
		Release|ARM = Release|ARM
		Release|x64 = Release|x64
		Release|x86 = Release|x86
	EndGlobalSection
	GlobalSection(ProjectConfigurationPlatforms) = postSolution
		{1F789C36-4005-4298-A25F-D5E7A04D7220}.Debug|Any CPU.ActiveCfg = Debug|Any CPU
		{1F789C36-4005-4298-A25F-D5E7A04D7220}.Debug|Any CPU.Build.0 = Debug|Any CPU
		{1F789C36-4005-4298-A25F-D5E7A04D7220}.Debug|ARM.ActiveCfg = Debug|Any CPU
		{1F789C36-4005-4298-A25F-D5E7A04D7220}.Debug|ARM.Build.0 = Debug|Any CPU
		{1F789C36-4005-4298-A25F-D5E7A04D7220}.Debug|x64.ActiveCfg = Debug|Any CPU
		{1F789C36-4005-4298-A25F-D5E7A04D7220}.Debug|x64.Build.0 = Debug|Any CPU
		{1F789C36-4005-4298-A25F-D5E7A04D7220}.Debug|x86.ActiveCfg = Debug|Any CPU
		{1F789C36-4005-4298-A25F-D5E7A04D7220}.Debug|x86.Build.0 = Debug|Any CPU
		{1F789C36-4005-4298-A25F-D5E7A04D7220}.Release|Any CPU.ActiveCfg = Release|Any CPU
		{1F789C36-4005-4298-A25F-D5E7A04D7220}.Release|Any CPU.Build.0 = Release|Any CPU
		{1F789C36-4005-4298-A25F-D5E7A04D7220}.Release|ARM.ActiveCfg = Release|Any CPU
		{1F789C36-4005-4298-A25F-D5E7A04D7220}.Release|ARM.Build.0 = Release|Any CPU
		{1F789C36-4005-4298-A25F-D5E7A04D7220}.Release|x64.ActiveCfg = Release|Any CPU
		{1F789C36-4005-4298-A25F-D5E7A04D7220}.Release|x64.Build.0 = Release|Any CPU
		{1F789C36-4005-4298-A25F-D5E7A04D7220}.Release|x86.ActiveCfg = Release|Any CPU
		{1F789C36-4005-4298-A25F-D5E7A04D7220}.Release|x86.Build.0 = Release|Any CPU
		{7E62662C-2A82-4B79-9C27-69C93AD84FC7}.Debug|Any CPU.ActiveCfg = Debug|Any CPU
		{7E62662C-2A82-4B79-9C27-69C93AD84FC7}.Debug|Any CPU.Build.0 = Debug|Any CPU
		{7E62662C-2A82-4B79-9C27-69C93AD84FC7}.Debug|ARM.ActiveCfg = Debug|Any CPU
		{7E62662C-2A82-4B79-9C27-69C93AD84FC7}.Debug|ARM.Build.0 = Debug|Any CPU
		{7E62662C-2A82-4B79-9C27-69C93AD84FC7}.Debug|x64.ActiveCfg = Debug|Any CPU
		{7E62662C-2A82-4B79-9C27-69C93AD84FC7}.Debug|x64.Build.0 = Debug|Any CPU
		{7E62662C-2A82-4B79-9C27-69C93AD84FC7}.Debug|x86.ActiveCfg = Debug|Any CPU
		{7E62662C-2A82-4B79-9C27-69C93AD84FC7}.Debug|x86.Build.0 = Debug|Any CPU
		{7E62662C-2A82-4B79-9C27-69C93AD84FC7}.Release|Any CPU.ActiveCfg = Release|Any CPU
		{7E62662C-2A82-4B79-9C27-69C93AD84FC7}.Release|Any CPU.Build.0 = Release|Any CPU
		{7E62662C-2A82-4B79-9C27-69C93AD84FC7}.Release|ARM.ActiveCfg = Release|Any CPU
		{7E62662C-2A82-4B79-9C27-69C93AD84FC7}.Release|ARM.Build.0 = Release|Any CPU
		{7E62662C-2A82-4B79-9C27-69C93AD84FC7}.Release|x64.ActiveCfg = Release|Any CPU
		{7E62662C-2A82-4B79-9C27-69C93AD84FC7}.Release|x64.Build.0 = Release|Any CPU
		{7E62662C-2A82-4B79-9C27-69C93AD84FC7}.Release|x86.ActiveCfg = Release|Any CPU
		{7E62662C-2A82-4B79-9C27-69C93AD84FC7}.Release|x86.Build.0 = Release|Any CPU
		{E70FC175-C353-465B-A1FF-791720D2B4A1}.Debug|Any CPU.ActiveCfg = Debug|Any CPU
		{E70FC175-C353-465B-A1FF-791720D2B4A1}.Debug|Any CPU.Build.0 = Debug|Any CPU
		{E70FC175-C353-465B-A1FF-791720D2B4A1}.Debug|ARM.ActiveCfg = Debug|Any CPU
		{E70FC175-C353-465B-A1FF-791720D2B4A1}.Debug|ARM.Build.0 = Debug|Any CPU
		{E70FC175-C353-465B-A1FF-791720D2B4A1}.Debug|x64.ActiveCfg = Debug|Any CPU
		{E70FC175-C353-465B-A1FF-791720D2B4A1}.Debug|x64.Build.0 = Debug|Any CPU
		{E70FC175-C353-465B-A1FF-791720D2B4A1}.Debug|x86.ActiveCfg = Debug|Any CPU
		{E70FC175-C353-465B-A1FF-791720D2B4A1}.Debug|x86.Build.0 = Debug|Any CPU
		{E70FC175-C353-465B-A1FF-791720D2B4A1}.Release|Any CPU.ActiveCfg = Release|Any CPU
		{E70FC175-C353-465B-A1FF-791720D2B4A1}.Release|Any CPU.Build.0 = Release|Any CPU
		{E70FC175-C353-465B-A1FF-791720D2B4A1}.Release|ARM.ActiveCfg = Release|Any CPU
		{E70FC175-C353-465B-A1FF-791720D2B4A1}.Release|ARM.Build.0 = Release|Any CPU
		{E70FC175-C353-465B-A1FF-791720D2B4A1}.Release|x64.ActiveCfg = Release|Any CPU
		{E70FC175-C353-465B-A1FF-791720D2B4A1}.Release|x64.Build.0 = Release|Any CPU
		{E70FC175-C353-465B-A1FF-791720D2B4A1}.Release|x86.ActiveCfg = Release|Any CPU
		{E70FC175-C353-465B-A1FF-791720D2B4A1}.Release|x86.Build.0 = Release|Any CPU
	EndGlobalSection
	GlobalSection(SolutionProperties) = preSolution
		HideSolutionNode = FALSE
	EndGlobalSection
	GlobalSection(NestedProjects) = preSolution
		{7E62662C-2A82-4B79-9C27-69C93AD84FC7} = {111FD0FA-6F9B-4F73-ABE2-E63D3AFAFE17}
		{E70FC175-C353-465B-A1FF-791720D2B4A1} = {111FD0FA-6F9B-4F73-ABE2-E63D3AFAFE17}
	EndGlobalSection
	GlobalSection(ExtensibilityGlobals) = postSolution
		SolutionGuid = {E3B4BD30-D1C3-4000-94C4-8EAB504EC88E}
	EndGlobalSection
EndGlobal
